
Microsoft Visual Studio Solution File, Format Version 12.00
# Visual Studio Version 16
VisualStudioVersion = 16.0.31025.194
MinimumVisualStudioVersion = 10.0.40219.1
Project("{FAE04EC0-301F-11D3-BF4B-00C04F79EFBC}") = "MyHRApp", "MyHRApp\MyHRApp.csproj", "{51246AFD-E75A-4F51-BF19-AD0CF22329C5}"
EndProject
Global
	GlobalSection(SolutionConfigurationPlatforms) = preSolution
		Debug|Any CPU = Debug|Any CPU
		Release|Any CPU = Release|Any CPU
	EndGlobalSection
	GlobalSection(ProjectConfigurationPlatforms) = postSolution
		{51246AFD-E75A-4F51-BF19-AD0CF22329C5}.Debug|Any CPU.ActiveCfg = Debug|Any CPU
		{51246AFD-E75A-4F51-BF19-AD0CF22329C5}.Debug|Any CPU.Build.0 = Debug|Any CPU
		{51246AFD-E75A-4F51-BF19-AD0CF22329C5}.Release|Any CPU.ActiveCfg = Release|Any CPU
		{51246AFD-E75A-4F51-BF19-AD0CF22329C5}.Release|Any CPU.Build.0 = Release|Any CPU
	EndGlobalSection
	GlobalSection(SolutionProperties) = preSolution
		HideSolutionNode = FALSE
	EndGlobalSection
	GlobalSection(ExtensibilityGlobals) = postSolution
		SolutionGuid = {037A1A87-83C7-4496-99D5-530038F1EA97}
	EndGlobalSection
EndGlobal
